<Solution>
  <Folder Name="/Solution Items/">
    <File Path="../docker-compose.yml" />
  </Folder>
  <Folder Name="/src/">
    <Project Path="ECommerce.Service.Products/ECommerce.Service.Products.csproj" />
    <Project Path="ECommerce.Service.Users/ECommerce.Service.Users.csproj" />
    <Project Path="ECommerce.Shared/ECommerce.Shared.csproj" />
  </Folder>
  <Folder Name="/tests/" />
</Solution>
